
Microsoft Visual Studio Solution File, Format Version 12.00
# Visual Studio Version 17
VisualStudioVersion = 17.3.32825.248
MinimumVisualStudioVersion = 10.0.40219.1
Project("{9A19103F-16F7-4668-BE54-9A1E7A4F7556}") = "ImpInfApi", "ImpInfApi\ImpInfApi.csproj", "{AA5AD8BC-E0E6-49FA-84A2-A6B8FAF7CC0B}"
EndProject
Project("{9A19103F-16F7-4668-BE54-9A1E7A4F7556}") = "ImpInfCommon", "..\ImpInfCommon\ImpInfCommon.csproj", "{FC06ADD4-0DBE-4A0A-A18F-C7E7E56B00E5}"
EndProject
Project("{9A19103F-16F7-4668-BE54-9A1E7A4F7556}") = "TelegramBot", "..\TelegramBot\TelegramBot\TelegramBot.csproj", "{BC5289EF-A675-4509-8857-27736F6FACC3}"
EndProject
Project("{9A19103F-16F7-4668-BE54-9A1E7A4F7556}") = "TgBotLib", "..\TelegramBot\tg-bot-lib\TgBotLib\TgBotLib.csproj", "{7CAEBA26-F3CE-4649-9CFC-FC26F0BB0F6B}"
EndProject
Global
	GlobalSection(SolutionConfigurationPlatforms) = preSolution
		Debug|Any CPU = Debug|Any CPU
		Release|Any CPU = Release|Any CPU
	EndGlobalSection
	GlobalSection(ProjectConfigurationPlatforms) = postSolution
		{AA5AD8BC-E0E6-49FA-84A2-A6B8FAF7CC0B}.Debug|Any CPU.ActiveCfg = Debug|Any CPU
		{AA5AD8BC-E0E6-49FA-84A2-A6B8FAF7CC0B}.Debug|Any CPU.Build.0 = Debug|Any CPU
		{AA5AD8BC-E0E6-49FA-84A2-A6B8FAF7CC0B}.Release|Any CPU.ActiveCfg = Release|Any CPU
		{AA5AD8BC-E0E6-49FA-84A2-A6B8FAF7CC0B}.Release|Any CPU.Build.0 = Release|Any CPU
		{FC06ADD4-0DBE-4A0A-A18F-C7E7E56B00E5}.Debug|Any CPU.ActiveCfg = Debug|Any CPU
		{FC06ADD4-0DBE-4A0A-A18F-C7E7E56B00E5}.Debug|Any CPU.Build.0 = Debug|Any CPU
		{FC06ADD4-0DBE-4A0A-A18F-C7E7E56B00E5}.Release|Any CPU.ActiveCfg = Release|Any CPU
		{FC06ADD4-0DBE-4A0A-A18F-C7E7E56B00E5}.Release|Any CPU.Build.0 = Release|Any CPU
		{BC5289EF-A675-4509-8857-27736F6FACC3}.Debug|Any CPU.ActiveCfg = Debug|Any CPU
		{BC5289EF-A675-4509-8857-27736F6FACC3}.Debug|Any CPU.Build.0 = Debug|Any CPU
		{BC5289EF-A675-4509-8857-27736F6FACC3}.Release|Any CPU.ActiveCfg = Release|Any CPU
		{BC5289EF-A675-4509-8857-27736F6FACC3}.Release|Any CPU.Build.0 = Release|Any CPU
		{7CAEBA26-F3CE-4649-9CFC-FC26F0BB0F6B}.Debug|Any CPU.ActiveCfg = Debug|Any CPU
		{7CAEBA26-F3CE-4649-9CFC-FC26F0BB0F6B}.Debug|Any CPU.Build.0 = Debug|Any CPU
		{7CAEBA26-F3CE-4649-9CFC-FC26F0BB0F6B}.Release|Any CPU.ActiveCfg = Release|Any CPU
		{7CAEBA26-F3CE-4649-9CFC-FC26F0BB0F6B}.Release|Any CPU.Build.0 = Release|Any CPU
	EndGlobalSection
	GlobalSection(SolutionProperties) = preSolution
		HideSolutionNode = FALSE
	EndGlobalSection
	GlobalSection(ExtensibilityGlobals) = postSolution
		SolutionGuid = {C259E04A-9696-4CCD-9D7B-C44CA47C5260}
	EndGlobalSection
EndGlobal
