
Microsoft Visual Studio Solution File, Format Version 12.00
# Visual Studio Version 17
VisualStudioVersion = 17.2.32526.322
MinimumVisualStudioVersion = 10.0.40219.1
Project("{9A19103F-16F7-4668-BE54-9A1E7A4F7556}") = "TelegramBot", "TelegramBot\TelegramBot.csproj", "{2FF85A19-6486-4CA6-8540-280AFA246872}"
EndProject
Project("{2150E333-8FDC-42A3-9474-1A3956D46DE8}") = "Solution Items", "Solution Items", "{9BA806B1-0E58-4ED9-848B-2D0C71235BE0}"
	ProjectSection(SolutionItems) = preProject
		.editorconfig = .editorconfig
	EndProjectSection
EndProject
Project("{9A19103F-16F7-4668-BE54-9A1E7A4F7556}") = "TgBotLib", "tg-bot-lib\TgBotLib\TgBotLib.csproj", "{4BE24A72-BAFE-4054-9359-2A4C0519FA41}"
EndProject
Project("{9A19103F-16F7-4668-BE54-9A1E7A4F7556}") = "ImpInfCommon", "ImpInfCommon\ImpInfCommon.csproj", "{A06307D7-D352-4910-B115-C17F131765D4}"
EndProject
Project("{9A19103F-16F7-4668-BE54-9A1E7A4F7556}") = "ImpInfApi", "ImpInfApi\ImpInfApi.csproj", "{32EBFAB9-7AC2-4671-A155-61B6138487F3}"
EndProject
Project("{9A19103F-16F7-4668-BE54-9A1E7A4F7556}") = "ImpInfWeb", "ImpInfWeb\ImpInfWeb.csproj", "{88CB8FED-59D1-444D-BA1D-06EC2E62FF08}"
EndProject
Project("{9A19103F-16F7-4668-BE54-9A1E7A4F7556}") = "ImpInfFrontCommon", "ImpInfFrontCommon\ImpInfFrontCommon.csproj", "{0E5998DA-B222-4825-801A-9AC6DB5B966B}"
EndProject
Project("{9A19103F-16F7-4668-BE54-9A1E7A4F7556}") = "ImpInfApp", "ImpInfApp\ImpInfApp.csproj", "{6DF170B5-1467-4988-8A0E-34B3FF21ADEF}"
EndProject
Global
	GlobalSection(SolutionConfigurationPlatforms) = preSolution
		Debug|Any CPU = Debug|Any CPU
		Release|Any CPU = Release|Any CPU
	EndGlobalSection
	GlobalSection(ProjectConfigurationPlatforms) = postSolution
		{2FF85A19-6486-4CA6-8540-280AFA246872}.Debug|Any CPU.ActiveCfg = Debug|Any CPU
		{2FF85A19-6486-4CA6-8540-280AFA246872}.Debug|Any CPU.Build.0 = Debug|Any CPU
		{2FF85A19-6486-4CA6-8540-280AFA246872}.Release|Any CPU.ActiveCfg = Release|Any CPU
		{2FF85A19-6486-4CA6-8540-280AFA246872}.Release|Any CPU.Build.0 = Release|Any CPU
		{4BE24A72-BAFE-4054-9359-2A4C0519FA41}.Debug|Any CPU.ActiveCfg = Debug|Any CPU
		{4BE24A72-BAFE-4054-9359-2A4C0519FA41}.Debug|Any CPU.Build.0 = Debug|Any CPU
		{4BE24A72-BAFE-4054-9359-2A4C0519FA41}.Release|Any CPU.ActiveCfg = Release|Any CPU
		{4BE24A72-BAFE-4054-9359-2A4C0519FA41}.Release|Any CPU.Build.0 = Release|Any CPU
		{A06307D7-D352-4910-B115-C17F131765D4}.Debug|Any CPU.ActiveCfg = Debug|Any CPU
		{A06307D7-D352-4910-B115-C17F131765D4}.Debug|Any CPU.Build.0 = Debug|Any CPU
		{A06307D7-D352-4910-B115-C17F131765D4}.Release|Any CPU.ActiveCfg = Release|Any CPU
		{A06307D7-D352-4910-B115-C17F131765D4}.Release|Any CPU.Build.0 = Release|Any CPU
		{32EBFAB9-7AC2-4671-A155-61B6138487F3}.Debug|Any CPU.ActiveCfg = Debug|Any CPU
		{32EBFAB9-7AC2-4671-A155-61B6138487F3}.Debug|Any CPU.Build.0 = Debug|Any CPU
		{32EBFAB9-7AC2-4671-A155-61B6138487F3}.Release|Any CPU.ActiveCfg = Release|Any CPU
		{32EBFAB9-7AC2-4671-A155-61B6138487F3}.Release|Any CPU.Build.0 = Release|Any CPU
		{88CB8FED-59D1-444D-BA1D-06EC2E62FF08}.Debug|Any CPU.ActiveCfg = Debug|Any CPU
		{88CB8FED-59D1-444D-BA1D-06EC2E62FF08}.Debug|Any CPU.Build.0 = Debug|Any CPU
		{88CB8FED-59D1-444D-BA1D-06EC2E62FF08}.Release|Any CPU.ActiveCfg = Release|Any CPU
		{88CB8FED-59D1-444D-BA1D-06EC2E62FF08}.Release|Any CPU.Build.0 = Release|Any CPU
		{0E5998DA-B222-4825-801A-9AC6DB5B966B}.Debug|Any CPU.ActiveCfg = Debug|Any CPU
		{0E5998DA-B222-4825-801A-9AC6DB5B966B}.Debug|Any CPU.Build.0 = Debug|Any CPU
		{0E5998DA-B222-4825-801A-9AC6DB5B966B}.Release|Any CPU.ActiveCfg = Release|Any CPU
		{0E5998DA-B222-4825-801A-9AC6DB5B966B}.Release|Any CPU.Build.0 = Release|Any CPU
		{6DF170B5-1467-4988-8A0E-34B3FF21ADEF}.Debug|Any CPU.ActiveCfg = Debug|Any CPU
		{6DF170B5-1467-4988-8A0E-34B3FF21ADEF}.Debug|Any CPU.Build.0 = Debug|Any CPU
		{6DF170B5-1467-4988-8A0E-34B3FF21ADEF}.Debug|Any CPU.Deploy.0 = Debug|Any CPU
		{6DF170B5-1467-4988-8A0E-34B3FF21ADEF}.Release|Any CPU.ActiveCfg = Release|Any CPU
		{6DF170B5-1467-4988-8A0E-34B3FF21ADEF}.Release|Any CPU.Build.0 = Release|Any CPU
		{6DF170B5-1467-4988-8A0E-34B3FF21ADEF}.Release|Any CPU.Deploy.0 = Release|Any CPU
	EndGlobalSection
	GlobalSection(SolutionProperties) = preSolution
		HideSolutionNode = FALSE
	EndGlobalSection
	GlobalSection(ExtensibilityGlobals) = postSolution
		SolutionGuid = {EB10133A-BB3B-4BB5-BFC5-29B506230039}
	EndGlobalSection
EndGlobal
